// !$*UTF8*$!
{
	archiveVersion = 1;
	classes = {
	};
	objectVersion = 56;
	objects = {

/* Begin PBXBuildFile section */
		5B1B18FA2B2540FB0052817E /* MedicationStore.swift in Sources */ = {isa = PBXBuildFile; fileRef = 5B1B18F92B2540FB0052817E /* MedicationStore.swift */; };
		5B1B18FC2B25413D0052817E /* Medication.swift in Sources */ = {isa = PBXBuildFile; fileRef = 5B1B18FB2B25413D0052817E /* Medication.swift */; };
		5B1B18FE2B2547F10052817E /* MedicationDetail.swift in Sources */ = {isa = PBXBuildFile; fileRef = 5B1B18FD2B2547F10052817E /* MedicationDetail.swift */; };
		5B396B852B264EA700E19894 /* DailyView.swift in Sources */ = {isa = PBXBuildFile; fileRef = 5B396B842B264EA700E19894 /* DailyView.swift */; };
		5B396BC82B265D2500E19894 /* Medication.xcdatamodeld in Sources */ = {isa = PBXBuildFile; fileRef = 5B396BC62B265D2500E19894 /* Medication.xcdatamodeld */; };
		5B396BCA2B265D8C00E19894 /* Persistence.swift in Sources */ = {isa = PBXBuildFile; fileRef = 5B396BC92B265D8C00E19894 /* Persistence.swift */; };
		5B3C404A2B212E19001DE791 /* PughFinalProjectApp.swift in Sources */ = {isa = PBXBuildFile; fileRef = 5B3C40492B212E19001DE791 /* PughFinalProjectApp.swift */; };
		5B3C404C2B212E19001DE791 /* ContentView.swift in Sources */ = {isa = PBXBuildFile; fileRef = 5B3C404B2B212E19001DE791 /* ContentView.swift */; };
		5B3C404E2B212E1A001DE791 /* Assets.xcassets in Resources */ = {isa = PBXBuildFile; fileRef = 5B3C404D2B212E1A001DE791 /* Assets.xcassets */; };
		5B3C40512B212E1A001DE791 /* Preview Assets.xcassets in Resources */ = {isa = PBXBuildFile; fileRef = 5B3C40502B212E1A001DE791 /* Preview Assets.xcassets */; };
		5B3C40582B21317C001DE791 /* HomeView.swift in Sources */ = {isa = PBXBuildFile; fileRef = 5B3C40572B21317C001DE791 /* HomeView.swift */; };
		5B3C405A2B21318B001DE791 /* AddMedicationView.swift in Sources */ = {isa = PBXBuildFile; fileRef = 5B3C40592B21318B001DE791 /* AddMedicationView.swift */; };
/* End PBXBuildFile section */

/* Begin PBXFileReference section */
		5B1B18F92B2540FB0052817E /* MedicationStore.swift */ = {isa = PBXFileReference; lastKnownFileType = sourcecode.swift; path = MedicationStore.swift; sourceTree = "<group>"; };
		5B1B18FB2B25413D0052817E /* Medication.swift */ = {isa = PBXFileReference; lastKnownFileType = sourcecode.swift; path = Medication.swift; sourceTree = "<group>"; };
		5B1B18FD2B2547F10052817E /* MedicationDetail.swift */ = {isa = PBXFileReference; lastKnownFileType = sourcecode.swift; path = MedicationDetail.swift; sourceTree = "<group>"; };
		5B396B842B264EA700E19894 /* DailyView.swift */ = {isa = PBXFileReference; lastKnownFileType = sourcecode.swift; path = DailyView.swift; sourceTree = "<group>"; };
		5B396BC72B265D2500E19894 /* Medication.xcdatamodel */ = {isa = PBXFileReference; lastKnownFileType = wrapper.xcdatamodel; path = Medication.xcdatamodel; sourceTree = "<group>"; };
		5B396BC92B265D8C00E19894 /* Persistence.swift */ = {isa = PBXFileReference; lastKnownFileType = sourcecode.swift; path = Persistence.swift; sourceTree = "<group>"; };
		5B3C40462B212E19001DE791 /* PughFinalProject.app */ = {isa = PBXFileReference; explicitFileType = wrapper.application; includeInIndex = 0; path = PughFinalProject.app; sourceTree = BUILT_PRODUCTS_DIR; };
		5B3C40492B212E19001DE791 /* PughFinalProjectApp.swift */ = {isa = PBXFileReference; lastKnownFileType = sourcecode.swift; path = PughFinalProjectApp.swift; sourceTree = "<group>"; };
		5B3C404B2B212E19001DE791 /* ContentView.swift */ = {isa = PBXFileReference; lastKnownFileType = sourcecode.swift; path = ContentView.swift; sourceTree = "<group>"; };
		5B3C404D2B212E1A001DE791 /* Assets.xcassets */ = {isa = PBXFileReference; lastKnownFileType = folder.assetcatalog; path = Assets.xcassets; sourceTree = "<group>"; };
		5B3C40502B212E1A001DE791 /* Preview Assets.xcassets */ = {isa = PBXFileReference; lastKnownFileType = folder.assetcatalog; path = "Preview Assets.xcassets"; sourceTree = "<group>"; };
		5B3C40572B21317C001DE791 /* HomeView.swift */ = {isa = PBXFileReference; lastKnownFileType = sourcecode.swift; path = HomeView.swift; sourceTree = "<group>"; };
		5B3C40592B21318B001DE791 /* AddMedicationView.swift */ = {isa = PBXFileReference; lastKnownFileType = sourcecode.swift; path = AddMedicationView.swift; sourceTree = "<group>"; };
/* End PBXFileReference section */

/* Begin PBXFrameworksBuildPhase section */
		5B3C40432B212E19001DE791 /* Frameworks */ = {
			isa = PBXFrameworksBuildPhase;
			buildActionMask = 2147483647;
			files = (
			);
			runOnlyForDeploymentPostprocessing = 0;
		};
/* End PBXFrameworksBuildPhase section */

/* Begin PBXGroup section */
		5B3C403D2B212E19001DE791 = {
			isa = PBXGroup;
			children = (
				5B3C40482B212E19001DE791 /* PughFinalProject */,
				5B3C40472B212E19001DE791 /* Products */,
			);
			sourceTree = "<group>";
		};
		5B3C40472B212E19001DE791 /* Products */ = {
			isa = PBXGroup;
			children = (
				5B3C40462B212E19001DE791 /* PughFinalProject.app */,
			);
			name = Products;
			sourceTree = "<group>";
		};
		5B3C40482B212E19001DE791 /* PughFinalProject */ = {
			isa = PBXGroup;
			children = (
				5B3C40492B212E19001DE791 /* PughFinalProjectApp.swift */,
				5B3C404B2B212E19001DE791 /* ContentView.swift */,
				5B396B842B264EA700E19894 /* DailyView.swift */,
				5B1B18F92B2540FB0052817E /* MedicationStore.swift */,
				5B1B18FB2B25413D0052817E /* Medication.swift */,
				5B396BC62B265D2500E19894 /* Medication.xcdatamodeld */,
				5B396BC92B265D8C00E19894 /* Persistence.swift */,
				5B3C40592B21318B001DE791 /* AddMedicationView.swift */,
				5B3C40572B21317C001DE791 /* HomeView.swift */,
				5B1B18FD2B2547F10052817E /* MedicationDetail.swift */,
				5B3C404D2B212E1A001DE791 /* Assets.xcassets */,
				5B3C404F2B212E1A001DE791 /* Preview Content */,
			);
			path = PughFinalProject;
			sourceTree = "<group>";
		};
		5B3C404F2B212E1A001DE791 /* Preview Content */ = {
			isa = PBXGroup;
			children = (
				5B3C40502B212E1A001DE791 /* Preview Assets.xcassets */,
			);
			path = "Preview Content";
			sourceTree = "<group>";
		};
/* End PBXGroup section */

/* Begin PBXNativeTarget section */
		5B3C40452B212E19001DE791 /* PughFinalProject */ = {
			isa = PBXNativeTarget;
			buildConfigurationList = 5B3C40542B212E1A001DE791 /* Build configuration list for PBXNativeTarget "PughFinalProject" */;
			buildPhases = (
				5B3C40422B212E19001DE791 /* Sources */,
				5B3C40432B212E19001DE791 /* Frameworks */,
				5B3C40442B212E19001DE791 /* Resources */,
			);
			buildRules = (
			);
			dependencies = (
			);
			name = PughFinalProject;
			productName = PughFinalProject;
			productReference = 5B3C40462B212E19001DE791 /* PughFinalProject.app */;
			productType = "com.apple.product-type.application";
		};
/* End PBXNativeTarget section */

/* Begin PBXProject section */
		5B3C403E2B212E19001DE791 /* Project object */ = {
			isa = PBXProject;
			attributes = {
				BuildIndependentTargetsInParallel = 1;
				LastSwiftUpdateCheck = 1430;
				LastUpgradeCheck = 1430;
				TargetAttributes = {
					5B3C40452B212E19001DE791 = {
						CreatedOnToolsVersion = 14.3.1;
					};
				};
			};
			buildConfigurationList = 5B3C40412B212E19001DE791 /* Build configuration list for PBXProject "PughFinalProject" */;
			compatibilityVersion = "Xcode 14.0";
			developmentRegion = en;
			hasScannedForEncodings = 0;
			knownRegions = (
				en,
				Base,
			);
			mainGroup = 5B3C403D2B212E19001DE791;
			productRefGroup = 5B3C40472B212E19001DE791 /* Products */;
			projectDirPath = "";
			projectRoot = "";
			targets = (
				5B3C40452B212E19001DE791 /* PughFinalProject */,
			);
		};
/* End PBXProject section */

/* Begin PBXResourcesBuildPhase section */
		5B3C40442B212E19001DE791 /* Resources */ = {
			isa = PBXResourcesBuildPhase;
			buildActionMask = 2147483647;
			files = (
				5B3C40512B212E1A001DE791 /* Preview Assets.xcassets in Resources */,
				5B3C404E2B212E1A001DE791 /* Assets.xcassets in Resources */,
			);
			runOnlyForDeploymentPostprocessing = 0;
		};
/* End PBXResourcesBuildPhase section */

/* Begin PBXSourcesBuildPhase section */
		5B3C40422B212E19001DE791 /* Sources */ = {
			isa = PBXSourcesBuildPhase;
			buildActionMask = 2147483647;
			files = (
				5B396BC82B265D2500E19894 /* Medication.xcdatamodeld in Sources */,
				5B396B852B264EA700E19894 /* DailyView.swift in Sources */,
				5B3C40582B21317C001DE791 /* HomeView.swift in Sources */,
				5B1B18FA2B2540FB0052817E /* MedicationStore.swift in Sources */,
				5B3C404C2B212E19001DE791 /* ContentView.swift in Sources */,
				5B3C404A2B212E19001DE791 /* PughFinalProjectApp.swift in Sources */,
				5B1B18FE2B2547F10052817E /* MedicationDetail.swift in Sources */,
				5B1B18FC2B25413D0052817E /* Medication.swift in Sources */,
				5B3C405A2B21318B001DE791 /* AddMedicationView.swift in Sources */,
				5B396BCA2B265D8C00E19894 /* Persistence.swift in Sources */,
			);
			runOnlyForDeploymentPostprocessing = 0;
		};
/* End PBXSourcesBuildPhase section */

/* Begin XCBuildConfiguration section */
		5B3C40522B212E1A001DE791 /* Debug */ = {
			isa = XCBuildConfiguration;
			buildSettings = {
				ALWAYS_SEARCH_USER_PATHS = NO;
				CLANG_ANALYZER_NONNULL = YES;
				CLANG_ANALYZER_NUMBER_OBJECT_CONVERSION = YES_AGGRESSIVE;
				CLANG_CXX_LANGUAGE_STANDARD = "gnu++20";
				CLANG_ENABLE_MODULES = YES;
				CLANG_ENABLE_OBJC_ARC = YES;
				CLANG_ENABLE_OBJC_WEAK = YES;
				CLANG_WARN_BLOCK_CAPTURE_AUTORELEASING = YES;
				CLANG_WARN_BOOL_CONVERSION = YES;
				CLANG_WARN_COMMA = YES;
				CLANG_WARN_CONSTANT_CONVERSION = YES;
				CLANG_WARN_DEPRECATED_OBJC_IMPLEMENTATIONS = YES;
				CLANG_WARN_DIRECT_OBJC_ISA_USAGE = YES_ERROR;
				CLANG_WARN_DOCUMENTATION_COMMENTS = YES;
				CLANG_WARN_EMPTY_BODY = YES;
				CLANG_WARN_ENUM_CONVERSION = YES;
				CLANG_WARN_INFINITE_RECURSION = YES;
				CLANG_WARN_INT_CONVERSION = YES;
				CLANG_WARN_NON_LITERAL_NULL_CONVERSION = YES;
				CLANG_WARN_OBJC_IMPLICIT_RETAIN_SELF = YES;
				CLANG_WARN_OBJC_LITERAL_CONVERSION = YES;
				CLANG_WARN_OBJC_ROOT_CLASS = YES_ERROR;
				CLANG_WARN_QUOTED_INCLUDE_IN_FRAMEWORK_HEADER = YES;
				CLANG_WARN_RANGE_LOOP_ANALYSIS = YES;
				CLANG_WARN_STRICT_PROTOTYPES = YES;
				CLANG_WARN_SUSPICIOUS_MOVE = YES;
				CLANG_WARN_UNGUARDED_AVAILABILITY = YES_AGGRESSIVE;
				CLANG_WARN_UNREACHABLE_CODE = YES;
				CLANG_WARN__DUPLICATE_METHOD_MATCH = YES;
				COPY_PHASE_STRIP = NO;
				DEBUG_INFORMATION_FORMAT = dwarf;
				ENABLE_STRICT_OBJC_MSGSEND = YES;
				ENABLE_TESTABILITY = YES;
				GCC_C_LANGUAGE_STANDARD = gnu11;
				GCC_DYNAMIC_NO_PIC = NO;
				GCC_NO_COMMON_BLOCKS = YES;
				GCC_OPTIMIZATION_LEVEL = 0;
				GCC_PREPROCESSOR_DEFINITIONS = (
					"DEBUG=1",
					"$(inherited)",
				);
				GCC_WARN_64_TO_32_BIT_CONVERSION = YES;
				GCC_WARN_ABOUT_RETURN_TYPE = YES_ERROR;
				GCC_WARN_UNDECLARED_SELECTOR = YES;
				GCC_WARN_UNINITIALIZED_AUTOS = YES_AGGRESSIVE;
				GCC_WARN_UNUSED_FUNCTION = YES;
				GCC_WARN_UNUSED_VARIABLE = YES;
				IPHONEOS_DEPLOYMENT_TARGET = 16.4;
				MTL_ENABLE_DEBUG_INFO = INCLUDE_SOURCE;
				MTL_FAST_MATH = YES;
				ONLY_ACTIVE_ARCH = YES;
				SDKROOT = iphoneos;
				SWIFT_ACTIVE_COMPILATION_CONDITIONS = DEBUG;
				SWIFT_OPTIMIZATION_LEVEL = "-Onone";
			};
			name = Debug;
		};
		5B3C40532B212E1A001DE791 /* Release */ = {
			isa = XCBuildConfiguration;
			buildSettings = {
				ALWAYS_SEARCH_USER_PATHS = NO;
				CLANG_ANALYZER_NONNULL = YES;
				CLANG_ANALYZER_NUMBER_OBJECT_CONVERSION = YES_AGGRESSIVE;
				CLANG_CXX_LANGUAGE_STANDARD = "gnu++20";
				CLANG_ENABLE_MODULES = YES;
				CLANG_ENABLE_OBJC_ARC = YES;
				CLANG_ENABLE_OBJC_WEAK = YES;
				CLANG_WARN_BLOCK_CAPTURE_AUTORELEASING = YES;
				CLANG_WARN_BOOL_CONVERSION = YES;
				CLANG_WARN_COMMA = YES;
				CLANG_WARN_CONSTANT_CONVERSION = YES;
				CLANG_WARN_DEPRECATED_OBJC_IMPLEMENTATIONS = YES;
				CLANG_WARN_DIRECT_OBJC_ISA_USAGE = YES_ERROR;
				CLANG_WARN_DOCUMENTATION_COMMENTS = YES;
				CLANG_WARN_EMPTY_BODY = YES;
				CLANG_WARN_ENUM_CONVERSION = YES;
				CLANG_WARN_INFINITE_RECURSION = YES;
				CLANG_WARN_INT_CONVERSION = YES;
				CLANG_WARN_NON_LITERAL_NULL_CONVERSION = YES;
				CLANG_WARN_OBJC_IMPLICIT_RETAIN_SELF = YES;
				CLANG_WARN_OBJC_LITERAL_CONVERSION = YES;
				CLANG_WARN_OBJC_ROOT_CLASS = YES_ERROR;
				CLANG_WARN_QUOTED_INCLUDE_IN_FRAMEWORK_HEADER = YES;
				CLANG_WARN_RANGE_LOOP_ANALYSIS = YES;
				CLANG_WARN_STRICT_PROTOTYPES = YES;
				CLANG_WARN_SUSPICIOUS_MOVE = YES;
				CLANG_WARN_UNGUARDED_AVAILABILITY = YES_AGGRESSIVE;
				CLANG_WARN_UNREACHABLE_CODE = YES;
				CLANG_WARN__DUPLICATE_METHOD_MATCH = YES;
				COPY_PHASE_STRIP = NO;
				DEBUG_INFORMATION_FORMAT = "dwarf-with-dsym";
				ENABLE_NS_ASSERTIONS = NO;
				ENABLE_STRICT_OBJC_MSGSEND = YES;
				GCC_C_LANGUAGE_STANDARD = gnu11;
				GCC_NO_COMMON_BLOCKS = YES;
				GCC_WARN_64_TO_32_BIT_CONVERSION = YES;
				GCC_WARN_ABOUT_RETURN_TYPE = YES_ERROR;
				GCC_WARN_UNDECLARED_SELECTOR = YES;
				GCC_WARN_UNINITIALIZED_AUTOS = YES_AGGRESSIVE;
				GCC_WARN_UNUSED_FUNCTION = YES;
				GCC_WARN_UNUSED_VARIABLE = YES;
				IPHONEOS_DEPLOYMENT_TARGET = 16.4;
				MTL_ENABLE_DEBUG_INFO = NO;
				MTL_FAST_MATH = YES;
				SDKROOT = iphoneos;
				SWIFT_COMPILATION_MODE = wholemodule;
				SWIFT_OPTIMIZATION_LEVEL = "-O";
				VALIDATE_PRODUCT = YES;
			};
			name = Release;
		};
		5B3C40552B212E1A001DE791 /* Debug */ = {
			isa = XCBuildConfiguration;
			buildSettings = {
				ASSETCATALOG_COMPILER_APPICON_NAME = AppIcon;
				ASSETCATALOG_COMPILER_GLOBAL_ACCENT_COLOR_NAME = AccentColor;
				CODE_SIGN_STYLE = Automatic;
				CURRENT_PROJECT_VERSION = 1;
				DEVELOPMENT_ASSET_PATHS = "\"PughFinalProject/Preview Content\"";
				DEVELOPMENT_TEAM = 24543LGNTT;
				ENABLE_PREVIEWS = YES;
				GENERATE_INFOPLIST_FILE = YES;
				INFOPLIST_KEY_UIApplicationSceneManifest_Generation = YES;
				INFOPLIST_KEY_UIApplicationSupportsIndirectInputEvents = YES;
				INFOPLIST_KEY_UILaunchScreen_Generation = YES;
				INFOPLIST_KEY_UISupportedInterfaceOrientations_iPad = "UIInterfaceOrientationPortrait UIInterfaceOrientationPortraitUpsideDown UIInterfaceOrientationLandscapeLeft UIInterfaceOrientationLandscapeRight";
				INFOPLIST_KEY_UISupportedInterfaceOrientations_iPhone = "UIInterfaceOrientationPortrait UIInterfaceOrientationLandscapeLeft UIInterfaceOrientationLandscapeRight";
				LD_RUNPATH_SEARCH_PATHS = (
					"$(inherited)",
					"@executable_path/Frameworks",
				);
				MARKETING_VERSION = 1.0;
				PRODUCT_BUNDLE_IDENTIFIER = chapman.PughFinalProject;
				PRODUCT_NAME = "$(TARGET_NAME)";
				SWIFT_EMIT_LOC_STRINGS = YES;
				SWIFT_VERSION = 5.0;
				TARGETED_DEVICE_FAMILY = "1,2";
			};
			name = Debug;
		};
		5B3C40562B212E1A001DE791 /* Release */ = {
			isa = XCBuildConfiguration;
			buildSettings = {
				ASSETCATALOG_COMPILER_APPICON_NAME = AppIcon;
				ASSETCATALOG_COMPILER_GLOBAL_ACCENT_COLOR_NAME = AccentColor;
				CODE_SIGN_STYLE = Automatic;
				CURRENT_PROJECT_VERSION = 1;
				DEVELOPMENT_ASSET_PATHS = "\"PughFinalProject/Preview Content\"";
				DEVELOPMENT_TEAM = 24543LGNTT;
				ENABLE_PREVIEWS = YES;
				GENERATE_INFOPLIST_FILE = YES;
				INFOPLIST_KEY_UIApplicationSceneManifest_Generation = YES;
				INFOPLIST_KEY_UIApplicationSupportsIndirectInputEvents = YES;
				INFOPLIST_KEY_UILaunchScreen_Generation = YES;
				INFOPLIST_KEY_UISupportedInterfaceOrientations_iPad = "UIInterfaceOrientationPortrait UIInterfaceOrientationPortraitUpsideDown UIInterfaceOrientationLandscapeLeft UIInterfaceOrientationLandscapeRight";
				INFOPLIST_KEY_UISupportedInterfaceOrientations_iPhone = "UIInterfaceOrientationPortrait UIInterfaceOrientationLandscapeLeft UIInterfaceOrientationLandscapeRight";
				LD_RUNPATH_SEARCH_PATHS = (
					"$(inherited)",
					"@executable_path/Frameworks",
				);
				MARKETING_VERSION = 1.0;
				PRODUCT_BUNDLE_IDENTIFIER = chapman.PughFinalProject;
				PRODUCT_NAME = "$(TARGET_NAME)";
				SWIFT_EMIT_LOC_STRINGS = YES;
				SWIFT_VERSION = 5.0;
				TARGETED_DEVICE_FAMILY = "1,2";
			};
			name = Release;
		};
/* End XCBuildConfiguration section */

/* Begin XCConfigurationList section */
		5B3C40412B212E19001DE791 /* Build configuration list for PBXProject "PughFinalProject" */ = {
			isa = XCConfigurationList;
			buildConfigurations = (
				5B3C40522B212E1A001DE791 /* Debug */,
				5B3C40532B212E1A001DE791 /* Release */,
			);
			defaultConfigurationIsVisible = 0;
			defaultConfigurationName = Release;
		};
		5B3C40542B212E1A001DE791 /* Build configuration list for PBXNativeTarget "PughFinalProject" */ = {
			isa = XCConfigurationList;
			buildConfigurations = (
				5B3C40552B212E1A001DE791 /* Debug */,
				5B3C40562B212E1A001DE791 /* Release */,
			);
			defaultConfigurationIsVisible = 0;
			defaultConfigurationName = Release;
		};
/* End XCConfigurationList section */

/* Begin XCVersionGroup section */
		5B396BC62B265D2500E19894 /* Medication.xcdatamodeld */ = {
			isa = XCVersionGroup;
			children = (
				5B396BC72B265D2500E19894 /* Medication.xcdatamodel */,
			);
			currentVersion = 5B396BC72B265D2500E19894 /* Medication.xcdatamodel */;
			path = Medication.xcdatamodeld;
			sourceTree = "<group>";
			versionGroupType = wrapper.xcdatamodel;
		};
/* End XCVersionGroup section */
	};
	rootObject = 5B3C403E2B212E19001DE791 /* Project object */;
}
